
Microsoft Visual Studio Solution File, Format Version 12.00
# Visual Studio Version 17
VisualStudioVersion = 17.5.33530.505
MinimumVisualStudioVersion = 10.0.40219.1
Project("{9A19103F-16F7-4668-BE54-9A1E7A4F7556}") = "AlgorithmsLab2", "AlgorithmsLab2.csproj", "{FFA9223A-2A42-4013-B2CA-5F7E6D091BEC}"
EndProject
Project("{9A19103F-16F7-4668-BE54-9A1E7A4F7556}") = "Strassen 's algorithm", "..\Strassen 's algorithm\Strassen 's algorithm.csproj", "{9D6CDD20-511D-4CB6-8D94-3F0CD6D27613}"
EndProject
Project("{2150E333-8FDC-42A3-9474-1A3956D46DE8}") = "strassen", "strassen", "{0F720BF8-285B-4C5D-8A35-3755A201F5F9}"
EndProject
Project("{2150E333-8FDC-42A3-9474-1A3956D46DE8}") = "multiply", "multiply", "{52E96DBA-273A-43B4-AE1D-05D5531F5A76}"
EndProject
Global
	GlobalSection(SolutionConfigurationPlatforms) = preSolution
		Debug|Any CPU = Debug|Any CPU
		Release|Any CPU = Release|Any CPU
	EndGlobalSection
	GlobalSection(ProjectConfigurationPlatforms) = postSolution
		{FFA9223A-2A42-4013-B2CA-5F7E6D091BEC}.Debug|Any CPU.ActiveCfg = Debug|Any CPU
		{FFA9223A-2A42-4013-B2CA-5F7E6D091BEC}.Debug|Any CPU.Build.0 = Debug|Any CPU
		{FFA9223A-2A42-4013-B2CA-5F7E6D091BEC}.Release|Any CPU.ActiveCfg = Release|Any CPU
		{FFA9223A-2A42-4013-B2CA-5F7E6D091BEC}.Release|Any CPU.Build.0 = Release|Any CPU
		{9D6CDD20-511D-4CB6-8D94-3F0CD6D27613}.Debug|Any CPU.ActiveCfg = Debug|Any CPU
		{9D6CDD20-511D-4CB6-8D94-3F0CD6D27613}.Debug|Any CPU.Build.0 = Debug|Any CPU
		{9D6CDD20-511D-4CB6-8D94-3F0CD6D27613}.Release|Any CPU.ActiveCfg = Release|Any CPU
		{9D6CDD20-511D-4CB6-8D94-3F0CD6D27613}.Release|Any CPU.Build.0 = Release|Any CPU
	EndGlobalSection
	GlobalSection(SolutionProperties) = preSolution
		HideSolutionNode = FALSE
	EndGlobalSection
	GlobalSection(NestedProjects) = preSolution
		{FFA9223A-2A42-4013-B2CA-5F7E6D091BEC} = {52E96DBA-273A-43B4-AE1D-05D5531F5A76}
		{9D6CDD20-511D-4CB6-8D94-3F0CD6D27613} = {0F720BF8-285B-4C5D-8A35-3755A201F5F9}
	EndGlobalSection
	GlobalSection(ExtensibilityGlobals) = postSolution
		SolutionGuid = {2C1C5F96-D896-4CAF-A504-6A6D4DAB2415}
	EndGlobalSection
EndGlobal
